
Microsoft Visual Studio Solution File, Format Version 12.00
# Visual Studio Version 17
VisualStudioVersion = 17.10.34928.147
MinimumVisualStudioVersion = 10.0.40219.1
Project("{FAE04EC0-301F-11D3-BF4B-00C04F79EFBC}") = "HShopAPP", "HShopAPP\HShopAPP.csproj", "{E0AB097A-6897-4442-A7D2-7643282E7C7A}"
EndProject
Project("{FAE04EC0-301F-11D3-BF4B-00C04F79EFBC}") = "BusinessObject", "BusinessObject\BusinessObject.csproj", "{F27C3BF5-BC52-4CA4-B05B-2A3281A1A507}"
EndProject
Project("{FAE04EC0-301F-11D3-BF4B-00C04F79EFBC}") = "DataAccess", "DataAccess\DataAccess.csproj", "{DB4DBE36-EDD5-4445-85A1-B2E7CA9495B8}"
EndProject
Global
	GlobalSection(SolutionConfigurationPlatforms) = preSolution
		Debug|Any CPU = Debug|Any CPU
		Release|Any CPU = Release|Any CPU
	EndGlobalSection
	GlobalSection(ProjectConfigurationPlatforms) = postSolution
		{E0AB097A-6897-4442-A7D2-7643282E7C7A}.Debug|Any CPU.ActiveCfg = Debug|Any CPU
		{E0AB097A-6897-4442-A7D2-7643282E7C7A}.Debug|Any CPU.Build.0 = Debug|Any CPU
		{E0AB097A-6897-4442-A7D2-7643282E7C7A}.Release|Any CPU.ActiveCfg = Release|Any CPU
		{E0AB097A-6897-4442-A7D2-7643282E7C7A}.Release|Any CPU.Build.0 = Release|Any CPU
		{F27C3BF5-BC52-4CA4-B05B-2A3281A1A507}.Debug|Any CPU.ActiveCfg = Debug|Any CPU
		{F27C3BF5-BC52-4CA4-B05B-2A3281A1A507}.Debug|Any CPU.Build.0 = Debug|Any CPU
		{F27C3BF5-BC52-4CA4-B05B-2A3281A1A507}.Release|Any CPU.ActiveCfg = Release|Any CPU
		{F27C3BF5-BC52-4CA4-B05B-2A3281A1A507}.Release|Any CPU.Build.0 = Release|Any CPU
		{DB4DBE36-EDD5-4445-85A1-B2E7CA9495B8}.Debug|Any CPU.ActiveCfg = Debug|Any CPU
		{DB4DBE36-EDD5-4445-85A1-B2E7CA9495B8}.Debug|Any CPU.Build.0 = Debug|Any CPU
		{DB4DBE36-EDD5-4445-85A1-B2E7CA9495B8}.Release|Any CPU.ActiveCfg = Release|Any CPU
		{DB4DBE36-EDD5-4445-85A1-B2E7CA9495B8}.Release|Any CPU.Build.0 = Release|Any CPU
	EndGlobalSection
	GlobalSection(SolutionProperties) = preSolution
		HideSolutionNode = FALSE
	EndGlobalSection
	GlobalSection(ExtensibilityGlobals) = postSolution
		SolutionGuid = {B4666461-CDCE-472C-8EA3-387D676DD61F}
	EndGlobalSection
EndGlobal
